
Microsoft Visual Studio Solution File, Format Version 12.00
# Visual Studio Version 17
VisualStudioVersion = 17.3.32901.215
MinimumVisualStudioVersion = 10.0.40219.1
Project("{FAE04EC0-301F-11D3-BF4B-00C04F79EFBC}") = "lab1_QA_Zhou", "lab1_QA_Zhou\lab1_QA_Zhou.csproj", "{C4307608-C41A-425F-9475-D7B356D25F69}"
EndProject
Project("{FAE04EC0-301F-11D3-BF4B-00C04F79EFBC}") = "classlibrary1", "classlibrary1\classlibrary1.csproj", "{22A1709D-B2B4-4D28-A08B-7F81608DE8C1}"
EndProject
Project("{2150E333-8FDC-42A3-9474-1A3956D46DE8}") = "Solution Items", "Solution Items", "{7345D9F8-A742-4A1C-983E-6A72DFFCC3C6}"
	ProjectSection(SolutionItems) = preProject
		.editorconfig = .editorconfig
	EndProjectSection
EndProject
Global
	GlobalSection(SolutionConfigurationPlatforms) = preSolution
		Debug|Any CPU = Debug|Any CPU
		Release|Any CPU = Release|Any CPU
	EndGlobalSection
	GlobalSection(ProjectConfigurationPlatforms) = postSolution
		{C4307608-C41A-425F-9475-D7B356D25F69}.Debug|Any CPU.ActiveCfg = Debug|Any CPU
		{C4307608-C41A-425F-9475-D7B356D25F69}.Debug|Any CPU.Build.0 = Debug|Any CPU
		{C4307608-C41A-425F-9475-D7B356D25F69}.Release|Any CPU.ActiveCfg = Release|Any CPU
		{C4307608-C41A-425F-9475-D7B356D25F69}.Release|Any CPU.Build.0 = Release|Any CPU
		{22A1709D-B2B4-4D28-A08B-7F81608DE8C1}.Debug|Any CPU.ActiveCfg = Debug|Any CPU
		{22A1709D-B2B4-4D28-A08B-7F81608DE8C1}.Debug|Any CPU.Build.0 = Debug|Any CPU
		{22A1709D-B2B4-4D28-A08B-7F81608DE8C1}.Release|Any CPU.ActiveCfg = Release|Any CPU
		{22A1709D-B2B4-4D28-A08B-7F81608DE8C1}.Release|Any CPU.Build.0 = Release|Any CPU
	EndGlobalSection
	GlobalSection(SolutionProperties) = preSolution
		HideSolutionNode = FALSE
	EndGlobalSection
	GlobalSection(ExtensibilityGlobals) = postSolution
		SolutionGuid = {6B16D2D2-624E-4BF7-B94B-1F7C76C9DBB5}
	EndGlobalSection
EndGlobal
